
Microsoft Visual Studio Solution File, Format Version 12.00
# Visual Studio 15
VisualStudioVersion = 15.0.26124.0
MinimumVisualStudioVersion = 15.0.26124.0
Project("{FAE04EC0-301F-11D3-BF4B-00C04F79EFBC}") = "Cosmo.App", "Cosmo.App\Cosmo.App.csproj", "{9B64D52E-5C69-4BE3-88C3-F70C08E65F8A}"
EndProject
Project("{FAE04EC0-301F-11D3-BF4B-00C04F79EFBC}") = "Cosmo.Core", "Cosmo.Core\Cosmo.Core.csproj", "{CBAF7139-2959-4D6D-B1B0-F6B54E32BD11}"
EndProject
Project("{FAE04EC0-301F-11D3-BF4B-00C04F79EFBC}") = "Cosmo.TestController", "Cosmo.TestController\Cosmo.TestController.csproj", "{01903843-B862-4A07-87ED-BA664756F79C}"
EndProject
Project("{FAE04EC0-301F-11D3-BF4B-00C04F79EFBC}") = "Cosmo.TestInitialiser", "Cosmo.TestInitialiser\Cosmo.TestInitialiser.csproj", "{EF5C9FC8-3E05-4EF2-921E-7835D1B4AEC4}"
EndProject
Project("{FAE04EC0-301F-11D3-BF4B-00C04F79EFBC}") = "Cosmo.Updater", "Cosmo.Updater\Cosmo.Updater.csproj", "{174B0817-14C4-428D-86FB-13A91FB92C39}"
EndProject
Global
	GlobalSection(SolutionConfigurationPlatforms) = preSolution
		Debug|Any CPU = Debug|Any CPU
		Debug|x64 = Debug|x64
		Debug|x86 = Debug|x86
		Release|Any CPU = Release|Any CPU
		Release|x64 = Release|x64
		Release|x86 = Release|x86
	EndGlobalSection
	GlobalSection(SolutionProperties) = preSolution
		HideSolutionNode = FALSE
	EndGlobalSection
	GlobalSection(ProjectConfigurationPlatforms) = postSolution
		{9B64D52E-5C69-4BE3-88C3-F70C08E65F8A}.Debug|Any CPU.ActiveCfg = Debug|Any CPU
		{9B64D52E-5C69-4BE3-88C3-F70C08E65F8A}.Debug|Any CPU.Build.0 = Debug|Any CPU
		{9B64D52E-5C69-4BE3-88C3-F70C08E65F8A}.Debug|x64.ActiveCfg = Debug|Any CPU
		{9B64D52E-5C69-4BE3-88C3-F70C08E65F8A}.Debug|x64.Build.0 = Debug|Any CPU
		{9B64D52E-5C69-4BE3-88C3-F70C08E65F8A}.Debug|x86.ActiveCfg = Debug|Any CPU
		{9B64D52E-5C69-4BE3-88C3-F70C08E65F8A}.Debug|x86.Build.0 = Debug|Any CPU
		{9B64D52E-5C69-4BE3-88C3-F70C08E65F8A}.Release|Any CPU.ActiveCfg = Release|Any CPU
		{9B64D52E-5C69-4BE3-88C3-F70C08E65F8A}.Release|Any CPU.Build.0 = Release|Any CPU
		{9B64D52E-5C69-4BE3-88C3-F70C08E65F8A}.Release|x64.ActiveCfg = Release|Any CPU
		{9B64D52E-5C69-4BE3-88C3-F70C08E65F8A}.Release|x64.Build.0 = Release|Any CPU
		{9B64D52E-5C69-4BE3-88C3-F70C08E65F8A}.Release|x86.ActiveCfg = Release|Any CPU
		{9B64D52E-5C69-4BE3-88C3-F70C08E65F8A}.Release|x86.Build.0 = Release|Any CPU
		{CBAF7139-2959-4D6D-B1B0-F6B54E32BD11}.Debug|Any CPU.ActiveCfg = Debug|Any CPU
		{CBAF7139-2959-4D6D-B1B0-F6B54E32BD11}.Debug|Any CPU.Build.0 = Debug|Any CPU
		{CBAF7139-2959-4D6D-B1B0-F6B54E32BD11}.Debug|x64.ActiveCfg = Debug|Any CPU
		{CBAF7139-2959-4D6D-B1B0-F6B54E32BD11}.Debug|x64.Build.0 = Debug|Any CPU
		{CBAF7139-2959-4D6D-B1B0-F6B54E32BD11}.Debug|x86.ActiveCfg = Debug|Any CPU
		{CBAF7139-2959-4D6D-B1B0-F6B54E32BD11}.Debug|x86.Build.0 = Debug|Any CPU
		{CBAF7139-2959-4D6D-B1B0-F6B54E32BD11}.Release|Any CPU.ActiveCfg = Release|Any CPU
		{CBAF7139-2959-4D6D-B1B0-F6B54E32BD11}.Release|Any CPU.Build.0 = Release|Any CPU
		{CBAF7139-2959-4D6D-B1B0-F6B54E32BD11}.Release|x64.ActiveCfg = Release|Any CPU
		{CBAF7139-2959-4D6D-B1B0-F6B54E32BD11}.Release|x64.Build.0 = Release|Any CPU
		{CBAF7139-2959-4D6D-B1B0-F6B54E32BD11}.Release|x86.ActiveCfg = Release|Any CPU
		{CBAF7139-2959-4D6D-B1B0-F6B54E32BD11}.Release|x86.Build.0 = Release|Any CPU
		{01903843-B862-4A07-87ED-BA664756F79C}.Debug|Any CPU.ActiveCfg = Debug|Any CPU
		{01903843-B862-4A07-87ED-BA664756F79C}.Debug|Any CPU.Build.0 = Debug|Any CPU
		{01903843-B862-4A07-87ED-BA664756F79C}.Debug|x64.ActiveCfg = Debug|Any CPU
		{01903843-B862-4A07-87ED-BA664756F79C}.Debug|x64.Build.0 = Debug|Any CPU
		{01903843-B862-4A07-87ED-BA664756F79C}.Debug|x86.ActiveCfg = Debug|Any CPU
		{01903843-B862-4A07-87ED-BA664756F79C}.Debug|x86.Build.0 = Debug|Any CPU
		{01903843-B862-4A07-87ED-BA664756F79C}.Release|Any CPU.ActiveCfg = Release|Any CPU
		{01903843-B862-4A07-87ED-BA664756F79C}.Release|Any CPU.Build.0 = Release|Any CPU
		{01903843-B862-4A07-87ED-BA664756F79C}.Release|x64.ActiveCfg = Release|Any CPU
		{01903843-B862-4A07-87ED-BA664756F79C}.Release|x64.Build.0 = Release|Any CPU
		{01903843-B862-4A07-87ED-BA664756F79C}.Release|x86.ActiveCfg = Release|Any CPU
		{01903843-B862-4A07-87ED-BA664756F79C}.Release|x86.Build.0 = Release|Any CPU
		{EF5C9FC8-3E05-4EF2-921E-7835D1B4AEC4}.Debug|Any CPU.ActiveCfg = Debug|Any CPU
		{EF5C9FC8-3E05-4EF2-921E-7835D1B4AEC4}.Debug|Any CPU.Build.0 = Debug|Any CPU
		{EF5C9FC8-3E05-4EF2-921E-7835D1B4AEC4}.Debug|x64.ActiveCfg = Debug|Any CPU
		{EF5C9FC8-3E05-4EF2-921E-7835D1B4AEC4}.Debug|x64.Build.0 = Debug|Any CPU
		{EF5C9FC8-3E05-4EF2-921E-7835D1B4AEC4}.Debug|x86.ActiveCfg = Debug|Any CPU
		{EF5C9FC8-3E05-4EF2-921E-7835D1B4AEC4}.Debug|x86.Build.0 = Debug|Any CPU
		{EF5C9FC8-3E05-4EF2-921E-7835D1B4AEC4}.Release|Any CPU.ActiveCfg = Release|Any CPU
		{EF5C9FC8-3E05-4EF2-921E-7835D1B4AEC4}.Release|Any CPU.Build.0 = Release|Any CPU
		{EF5C9FC8-3E05-4EF2-921E-7835D1B4AEC4}.Release|x64.ActiveCfg = Release|Any CPU
		{EF5C9FC8-3E05-4EF2-921E-7835D1B4AEC4}.Release|x64.Build.0 = Release|Any CPU
		{EF5C9FC8-3E05-4EF2-921E-7835D1B4AEC4}.Release|x86.ActiveCfg = Release|Any CPU
		{EF5C9FC8-3E05-4EF2-921E-7835D1B4AEC4}.Release|x86.Build.0 = Release|Any CPU
		{174B0817-14C4-428D-86FB-13A91FB92C39}.Debug|Any CPU.ActiveCfg = Debug|Any CPU
		{174B0817-14C4-428D-86FB-13A91FB92C39}.Debug|Any CPU.Build.0 = Debug|Any CPU
		{174B0817-14C4-428D-86FB-13A91FB92C39}.Debug|x64.ActiveCfg = Debug|Any CPU
		{174B0817-14C4-428D-86FB-13A91FB92C39}.Debug|x64.Build.0 = Debug|Any CPU
		{174B0817-14C4-428D-86FB-13A91FB92C39}.Debug|x86.ActiveCfg = Debug|Any CPU
		{174B0817-14C4-428D-86FB-13A91FB92C39}.Debug|x86.Build.0 = Debug|Any CPU
		{174B0817-14C4-428D-86FB-13A91FB92C39}.Release|Any CPU.ActiveCfg = Release|Any CPU
		{174B0817-14C4-428D-86FB-13A91FB92C39}.Release|Any CPU.Build.0 = Release|Any CPU
		{174B0817-14C4-428D-86FB-13A91FB92C39}.Release|x64.ActiveCfg = Release|Any CPU
		{174B0817-14C4-428D-86FB-13A91FB92C39}.Release|x64.Build.0 = Release|Any CPU
		{174B0817-14C4-428D-86FB-13A91FB92C39}.Release|x86.ActiveCfg = Release|Any CPU
		{174B0817-14C4-428D-86FB-13A91FB92C39}.Release|x86.Build.0 = Release|Any CPU
	EndGlobalSection
EndGlobal
